# This file is autogenerated, do not edit; changes may be undone by the next 'dep ensure'.


[[projects]]
  digest = "1:3d3a509c5ba327e8573bb57f9da8430c63a46a06886eb1d2ffc8af4e76f31c72"
  name = "cloud.google.com/go"
  packages = ["civil"]
  pruneopts = "UT"
  revision = "775730d6e48254a2430366162cf6298e5368833c"
  version = "v0.39.0"

[[projects]]
  branch = "master"
  digest = "1:17f86e6e62f2a91bc497e1cc1acd3eec8976cece2d8799664bcb6503b867bddb"
  name = "github.com/SocietyOne/sqltest"
  packages = ["."]
  pruneopts = "UT"
  revision = "4ef9a3ad7817c03f1ec3b4e142f5739430846a24"

[[projects]]
  digest = "1:95fd14230b48a74765db94f7064f0b5617f52739a164f6d41e5b57bec5b3ff9b"
  name = "github.com/aws/aws-lambda-go"
  packages = [
    "events",
    "lambda",
    "lambda/handlertrace",
    "lambda/messages",
    "lambdacontext",
  ]
  pruneopts = "UT"
  revision = "08d251dc58f204411d79012fd6f1beefb7107fea"
  version = "v1.10.0"

[[projects]]
  branch = "master"
  digest = "1:2e702b60af5efe4b3b0e3b40fddfb6beba6adca1e0a7ccd25cc5c21b5e7df9ef"
  name = "github.com/denisenkom/go-mssqldb"
  packages = [
    ".",
    "internal/cp",
  ]
  pruneopts = "UT"
  revision = "eb9f6a1743f30383c8168cc520ca5db1f744d6f4"

[[projects]]
  branch = "master"
  digest = "1:100a36e16f77aaad7c9144ab26bcefb92c5b6ebed5b137f935fdc11f541fa5b8"
  name = "golang.org/x/crypto"
  packages = ["md4"]
  pruneopts = "UT"
  revision = "22d7a77e9e5f409e934ed268692e56707cd169e5"

[solve-meta]
  analyzer-name = "dep"
  analyzer-version = 1
  input-imports = [
    "github.com/SocietyOne/sqltest",
    "github.com/aws/aws-lambda-go/events",
    "github.com/aws/aws-lambda-go/lambda",
    "github.com/denisenkom/go-mssqldb",
  ]
  solver-name = "gps-cdcl"
  solver-version = 1
